
Microsoft Visual Studio Solution File, Format Version 12.00
# Visual Studio Version 16
VisualStudioVersion = 16.0.29728.190
MinimumVisualStudioVersion = 10.0.40219.1
Project("{FAE04EC0-301F-11D3-BF4B-00C04F79EFBC}") = "Biblo.DataLayer", "Biblo.DataLayer\Biblo.DataLayer.csproj", "{2F77E245-FCE0-4FD6-9625-4041DA919F75}"
EndProject
Project("{FAE04EC0-301F-11D3-BF4B-00C04F79EFBC}") = "Biblo.Api", "Biblo.Api\Biblo.Api.csproj", "{86EC8811-E5CF-4ADC-B45F-373EE1383D50}"
EndProject
Global
	GlobalSection(SolutionConfigurationPlatforms) = preSolution
		Debug|Any CPU = Debug|Any CPU
		Release|Any CPU = Release|Any CPU
	EndGlobalSection
	GlobalSection(ProjectConfigurationPlatforms) = postSolution
		{2F77E245-FCE0-4FD6-9625-4041DA919F75}.Debug|Any CPU.ActiveCfg = Debug|Any CPU
		{2F77E245-FCE0-4FD6-9625-4041DA919F75}.Debug|Any CPU.Build.0 = Debug|Any CPU
		{2F77E245-FCE0-4FD6-9625-4041DA919F75}.Release|Any CPU.ActiveCfg = Release|Any CPU
		{2F77E245-FCE0-4FD6-9625-4041DA919F75}.Release|Any CPU.Build.0 = Release|Any CPU
		{86EC8811-E5CF-4ADC-B45F-373EE1383D50}.Debug|Any CPU.ActiveCfg = Debug|Any CPU
		{86EC8811-E5CF-4ADC-B45F-373EE1383D50}.Debug|Any CPU.Build.0 = Debug|Any CPU
		{86EC8811-E5CF-4ADC-B45F-373EE1383D50}.Release|Any CPU.ActiveCfg = Release|Any CPU
		{86EC8811-E5CF-4ADC-B45F-373EE1383D50}.Release|Any CPU.Build.0 = Release|Any CPU
	EndGlobalSection
	GlobalSection(SolutionProperties) = preSolution
		HideSolutionNode = FALSE
	EndGlobalSection
	GlobalSection(ExtensibilityGlobals) = postSolution
		SolutionGuid = {BC580E4A-5FCA-4176-95DA-6887998B41A4}
	EndGlobalSection
EndGlobal
